
Microsoft Visual Studio Solution File, Format Version 12.00
# Visual Studio Version 17
VisualStudioVersion = 17.3.32922.545
MinimumVisualStudioVersion = 10.0.40219.1
Project("{FAE04EC0-301F-11D3-BF4B-00C04F79EFBC}") = "MUSIC PLAYER", "MUSIC PLAYER.csproj", "{BDB38DEA-059B-4C86-93AF-798D6C9005BC}"
EndProject
Global
	GlobalSection(SolutionConfigurationPlatforms) = preSolution
		Debug|Any CPU = Debug|Any CPU
		Release|Any CPU = Release|Any CPU
	EndGlobalSection
	GlobalSection(ProjectConfigurationPlatforms) = postSolution
		{BDB38DEA-059B-4C86-93AF-798D6C9005BC}.Debug|Any CPU.ActiveCfg = Debug|Any CPU
		{BDB38DEA-059B-4C86-93AF-798D6C9005BC}.Debug|Any CPU.Build.0 = Debug|Any CPU
		{BDB38DEA-059B-4C86-93AF-798D6C9005BC}.Release|Any CPU.ActiveCfg = Release|Any CPU
		{BDB38DEA-059B-4C86-93AF-798D6C9005BC}.Release|Any CPU.Build.0 = Release|Any CPU
	EndGlobalSection
	GlobalSection(SolutionProperties) = preSolution
		HideSolutionNode = FALSE
	EndGlobalSection
	GlobalSection(ExtensibilityGlobals) = postSolution
		SolutionGuid = {0C730974-82D8-4EB8-941B-2B1FB1CD6CFC}
	EndGlobalSection
EndGlobal
